PODS:
  - Alamofire (5.0.0-beta.6)

DEPENDENCIES:
  - Alamofire (~> 5.0.0-beta.5)

SPEC REPOS:
  https://github.com/cocoapods/specs.git:
    - Alamofire

SPEC CHECKSUMS:
  Alamofire: cd08a4402bd12cacd0c66f23fb12fec8d6b965e4

PODFILE CHECKSUM: 7b1df4ca600e4c3dbfce188b01d5c80835aa166d

COCOAPODS: 1.6.0.beta.2
